hash: be94970c234b6d81fbaa154a9f06678e5cb0cc3ae253576218eb8d1351439ea3
updated: 2016-02-29T19:00:20.984956777+08:00
imports:
- name: github.com/codegangsta/cli
  version: a2943485b110df8842045ae0600047f88a3a56a1
- name: github.com/yvasiyarov/php_session_decoder
  version: 16ce1f6b344a1f3b2da927463411c2b1029a80bc
devImports: []
